<?xml version="1.0" encoding="utf-8"?>
<Project ToolsVersion="4.0" xmlns="http://schemas.microsoft.com/developer/msbuild/2003">
  <ItemGroup>
    <Filter Include="ソース ファイル">
      <UniqueIdentifier>{4FC737F1-C7A5-4376-A066-2A32D752A2FF}</UniqueIdentifier>
      <Extensions>cpp;c;cc;cxx;c++;cppm;ixx;def;odl;idl;hpj;bat;asm;asmx</Extensions>
    </Filter>
    <Filter Include="リソース ファイル">
      <UniqueIdentifier>{67DA6AB6-F800-4c08-8B7A-83BB121AAD01}</UniqueIdentifier>
      <Extensions>rc;ico;cur;bmp;dlg;rc2;rct;bin;rgs;gif;jpg;jpeg;jpe;resx;tiff;tif;png;wav;mfcribbon-ms</Extensions>
    </Filter>
    <Filter Include="Base">
      <UniqueIdentifier>{9f5f2885-740c-4944-9416-1b662c5faf54}</UniqueIdentifier>
    </Filter>
    <Filter Include="Base\DirectX">
      <UniqueIdentifier>{6cb8bb6b-4a16-4466-9fec-94f6d08d73ca}</UniqueIdentifier>
    </Filter>
    <Filter Include="Base\DirectX\DirectXCommon">
      <UniqueIdentifier>{c4a49e7f-4dca-4cac-a6d4-417c0fff1248}</UniqueIdentifier>
    </Filter>
    <Filter Include="Base\Input">
      <UniqueIdentifier>{6fa55f6c-2238-40e9-8554-f1dcc8d62f45}</UniqueIdentifier>
    </Filter>
    <Filter Include="Base\WinApp">
      <UniqueIdentifier>{3d097acc-9326-4dad-b867-3f74b603cdd3}</UniqueIdentifier>
    </Filter>
    <Filter Include="Game">
      <UniqueIdentifier>{febf0f55-db3c-48d6-a7ed-f96879e154ba}</UniqueIdentifier>
    </Filter>
    <Filter Include="Game\Audio">
      <UniqueIdentifier>{3b3a1722-2132-4829-9e9e-dcd49d4be5e0}</UniqueIdentifier>
    </Filter>
    <Filter Include="Game\Sprite">
      <UniqueIdentifier>{7a01d66f-ec30-4d7c-a164-1665d7dc8a16}</UniqueIdentifier>
    </Filter>
    <Filter Include="Game\Sprite\DebugText">
      <UniqueIdentifier>{996a60d9-4654-44f7-8bc8-b61532b5f378}</UniqueIdentifier>
    </Filter>
    <Filter Include="未完成">
      <UniqueIdentifier>{f2745e6e-df1d-4990-b4cb-1ce7244b3597}</UniqueIdentifier>
    </Filter>
    <Filter Include="未完成\Light">
      <UniqueIdentifier>{95bc1236-c346-4abf-a0b7-9cd5066419e6}</UniqueIdentifier>
    </Filter>
    <Filter Include="Game\Sprite\Sprite">
      <UniqueIdentifier>{b11e4f20-6cac-4f05-91f3-d25b0abe6888}</UniqueIdentifier>
    </Filter>
    <Filter Include="リソース ファイル\シェーダーファイル">
      <UniqueIdentifier>{7e5584a5-2895-4181-9eaf-f65622106b57}</UniqueIdentifier>
    </Filter>
    <Filter Include="Game\Model">
      <UniqueIdentifier>{4138c7b3-6bf4-45ed-9a72-bcd1f69ff75f}</UniqueIdentifier>
    </Filter>
    <Filter Include="Game\Model\Obj3d">
      <UniqueIdentifier>{824daba9-5798-41bc-81b3-8da18dcf2983}</UniqueIdentifier>
    </Filter>
    <Filter Include="Game\Model\FBX">
      <UniqueIdentifier>{9887dde3-9b8c-40d8-81e8-8a29dbc98652}</UniqueIdentifier>
    </Filter>
    <Filter Include="Game\Sprite\PostEffect">
      <UniqueIdentifier>{3c7dd9f8-aa08-4c09-be93-43d181a95264}</UniqueIdentifier>
    </Filter>
    <Filter Include="Game\inGame">
      <UniqueIdentifier>{bc5a28d2-b733-474f-a16a-f4343a7893c7}</UniqueIdentifier>
    </Filter>
    <Filter Include="Game\inGame\Framework">
      <UniqueIdentifier>{1a799bb4-cfe0-4850-91cd-9642bc82acc6}</UniqueIdentifier>
    </Filter>
    <Filter Include="Game\inGame\Master">
      <UniqueIdentifier>{9d2ac3b6-7965-4d73-b885-42db6b08b2c7}</UniqueIdentifier>
    </Filter>
    <Filter Include="Game\Camera">
      <UniqueIdentifier>{83d241df-a702-4ccc-a647-d183b7200577}</UniqueIdentifier>
    </Filter>
    <Filter Include="Game\inGame\Imgui">
      <UniqueIdentifier>{59c6a050-09ad-4d28-909b-ca8c9504b9d8}</UniqueIdentifier>
    </Filter>
    <Filter Include="Game\inGame\Imgui\Basis">
      <UniqueIdentifier>{69b5b98d-991a-41a2-9790-0a8df21fe1c3}</UniqueIdentifier>
    </Filter>
    <Filter Include="Game\inGame\Imgui\Manager">
      <UniqueIdentifier>{ed75953b-30d5-49e0-81ee-714b4f02fc0b}</UniqueIdentifier>
    </Filter>
    <Filter Include="Game\Math">
      <UniqueIdentifier>{3da75d68-496b-4af4-a21f-3a9f530d50f4}</UniqueIdentifier>
    </Filter>
    <Filter Include="Game\Math\Colission">
      <UniqueIdentifier>{d81cb8c8-ed54-47e9-acce-9c67ef51bf08}</UniqueIdentifier>
    </Filter>
    <Filter Include="Game\Math\Ease">
      <UniqueIdentifier>{81725014-c853-4891-b132-25fa60fc04e9}</UniqueIdentifier>
    </Filter>
    <Filter Include="ヘッダー ファイル">
      <UniqueIdentifier>{93995380-89BD-4b04-88EB-625FBE52EBFB}</UniqueIdentifier>
      <Extensions>h;hh;hpp;hxx;h++;hm;inl;inc;ipp;xsd</Extensions>
    </Filter>
    <Filter Include="リソース ファイル\icon">
      <UniqueIdentifier>{99f426fe-87ad-495b-a6f8-fa0f1ed19aaa}</UniqueIdentifier>
    </Filter>
  </ItemGroup>
  <ItemGroup>
    <ClCompile Include="h_cpp\main.cpp">
      <Filter>Game\inGame</Filter>
    </ClCompile>
    <ClCompile Include="h_cpp\Game\GameMas\GameScene.cpp">
      <Filter>Game\inGame\Master</Filter>
    </ClCompile>
    <ClCompile Include="h_cpp\Game\GameMas\MasterGame.cpp">
      <Filter>Game\inGame\Master</Filter>
    </ClCompile>
    <ClCompile Include="h_cpp\Game\GameMas\Framework.cpp">
      <Filter>Game\inGame\Framework</Filter>
    </ClCompile>
    <ClCompile Include="h_cpp\Game\2d\Sprite\Sprite.cpp">
      <Filter>Game\Sprite\Sprite</Filter>
    </ClCompile>
    <ClCompile Include="h_cpp\Game\3d\Obj\Model.cpp">
      <Filter>Game\Model\Obj3d</Filter>
    </ClCompile>
    <ClCompile Include="h_cpp\Game\3d\Obj\Object3d.cpp">
      <Filter>Game\Model\Obj3d</Filter>
    </ClCompile>
    <ClCompile Include="h_cpp\Game\3d\Fbx\FBX_Model.cpp">
      <Filter>Game\Model\FBX</Filter>
    </ClCompile>
    <ClCompile Include="h_cpp\Game\3d\Fbx\Fbx_Obj3d.cpp">
      <Filter>Game\Model\FBX</Filter>
    </ClCompile>
    <ClCompile Include="h_cpp\Game\3d\Fbx\FbxLoader.cpp">
      <Filter>Game\Model\FBX</Filter>
    </ClCompile>
    <ClCompile Include="h_cpp\Game\Math\CollisionPrimitive.cpp">
      <Filter>Game\Math\Colission</Filter>
    </ClCompile>
    <ClCompile Include="h_cpp\Game\Math\Collsion.cpp">
      <Filter>Game\Math\Colission</Filter>
    </ClCompile>
    <ClCompile Include="h_cpp\Game\Other\Camera.cpp">
      <Filter>Game\Camera</Filter>
    </ClCompile>
    <ClCompile Include="h_cpp\Game\Other\Audio.cpp">
      <Filter>Game\Audio</Filter>
    </ClCompile>
    <ClCompile Include="h_cpp\Base\WinApp\WinApp.cpp">
      <Filter>Base\WinApp</Filter>
    </ClCompile>
    <ClCompile Include="h_cpp\Base\Input\Input.cpp">
      <Filter>Base\Input</Filter>
    </ClCompile>
    <ClCompile Include="h_cpp\Base\DirectX\DirectXCommon.cpp">
      <Filter>Base\DirectX\DirectXCommon</Filter>
    </ClCompile>
    <ClCompile Include="h_cpp\Game\2d\Sprite\Debugtext.cpp">
      <Filter>Game\Sprite\DebugText</Filter>
    </ClCompile>
    <ClCompile Include="h_cpp\Game\2d\Sprite\SpriteCommon.cpp">
      <Filter>Game\Sprite\Sprite</Filter>
    </ClCompile>
    <ClCompile Include="h_cpp\Game\2d\Sprite\PostEffect.cpp">
      <Filter>Game\Sprite\PostEffect</Filter>
    </ClCompile>
    <ClCompile Include="imgui\imgui.cpp">
      <Filter>Game\inGame\Imgui\Basis</Filter>
    </ClCompile>
    <ClCompile Include="imgui\imgui_demo.cpp">
      <Filter>Game\inGame\Imgui\Basis</Filter>
    </ClCompile>
    <ClCompile Include="imgui\imgui_draw.cpp">
      <Filter>Game\inGame\Imgui\Basis</Filter>
    </ClCompile>
    <ClCompile Include="imgui\imgui_impl_dx12.cpp">
      <Filter>Game\inGame\Imgui\Basis</Filter>
    </ClCompile>
    <ClCompile Include="imgui\imgui_impl_win32.cpp">
      <Filter>Game\inGame\Imgui\Basis</Filter>
    </ClCompile>
    <ClCompile Include="imgui\imgui_tables.cpp">
      <Filter>Game\inGame\Imgui\Basis</Filter>
    </ClCompile>
    <ClCompile Include="imgui\imgui_widgets.cpp">
      <Filter>Game\inGame\Imgui\Basis</Filter>
    </ClCompile>
    <ClCompile Include="h_cpp\Game\Math\Ease.cpp">
      <Filter>Game\Math\Ease</Filter>
    </ClCompile>
    <ClCompile Include="h_cpp\Game\ImguiManager\ImguiManager.cpp">
      <Filter>Game\inGame\Imgui\Manager</Filter>
    </ClCompile>
    <ClCompile Include="h_cpp\Base\CSV\LoadCSV.cpp">
      <Filter>Base</Filter>
    </ClCompile>
    <ClCompile Include="h_cpp\Game\MapChip\MapChip.cpp">
      <Filter>ソース ファイル</Filter>
    </ClCompile>
    <ClCompile Include="..\..\OneDrive\デスクトップ\DirectXGame-master\xDirectXGame-master\h_cpp\Base\CSV\Loadtxt.cpp">
      <Filter>Base</Filter>
    </ClCompile>
    <ClCompile Include="..\..\OneDrive\デスクトップ\DirectXGame-master\xDirectXGame-master\h_cpp\Game\MapChip\MapData.cpp">
      <Filter>ソース ファイル</Filter>
    </ClCompile>
  </ItemGroup>
  <ItemGroup>
    <ClInclude Include="h_cpp\Game\GameMas\GameScene.h">
      <Filter>Game\inGame\Master</Filter>
    </ClInclude>
    <ClInclude Include="h_cpp\Game\GameMas\MasterGame.h">
      <Filter>Game\inGame\Master</Filter>
    </ClInclude>
    <ClInclude Include="h_cpp\Game\GameMas\Framework.h">
      <Filter>Game\inGame\Framework</Filter>
    </ClInclude>
    <ClInclude Include="h_cpp\Game\2d\Sprite\PipelineSet.h">
      <Filter>Game\Sprite</Filter>
    </ClInclude>
    <ClInclude Include="h_cpp\Game\2d\Sprite\Sprite.h">
      <Filter>Game\Sprite\Sprite</Filter>
    </ClInclude>
    <ClInclude Include="h_cpp\Game\2d\Sprite\SpriteCommon.h">
      <Filter>Game\Sprite\Sprite</Filter>
    </ClInclude>
    <ClInclude Include="h_cpp\Game\3d\Obj\Model.h">
      <Filter>Game\Model\Obj3d</Filter>
    </ClInclude>
    <ClInclude Include="h_cpp\Game\3d\Obj\Object3d.h">
      <Filter>Game\Model\Obj3d</Filter>
    </ClInclude>
    <ClInclude Include="h_cpp\Game\3d\Fbx\FBX_Model.h">
      <Filter>Game\Model\FBX</Filter>
    </ClInclude>
    <ClInclude Include="h_cpp\Game\3d\Fbx\Fbx_Obj3d.h">
      <Filter>Game\Model\FBX</Filter>
    </ClInclude>
    <ClInclude Include="h_cpp\Game\3d\Fbx\FbxLoader.h">
      <Filter>Game\Model\FBX</Filter>
    </ClInclude>
    <ClInclude Include="h_cpp\Game\Math\CollisionPrimitive.h">
      <Filter>Game\Math\Colission</Filter>
    </ClInclude>
    <ClInclude Include="h_cpp\Game\Math\Collsion.h">
      <Filter>Game\Math\Colission</Filter>
    </ClInclude>
    <ClInclude Include="h_cpp\Game\Other\Camera.h">
      <Filter>Game\Camera</Filter>
    </ClInclude>
    <ClInclude Include="h_cpp\Game\Other\Audio.h">
      <Filter>Game\Audio</Filter>
    </ClInclude>
    <ClInclude Include="h_cpp\Base\WinApp\WinApp.h">
      <Filter>Base\WinApp</Filter>
    </ClInclude>
    <ClInclude Include="h_cpp\Base\Input\Input.h">
      <Filter>Base\Input</Filter>
    </ClInclude>
    <ClInclude Include="h_cpp\Base\DirectX\DirectXCommon.h">
      <Filter>Base\DirectX\DirectXCommon</Filter>
    </ClInclude>
    <ClInclude Include="h_cpp\Game\2d\Sprite\Debugtext.h">
      <Filter>Game\Sprite\DebugText</Filter>
    </ClInclude>
    <ClInclude Include="h_cpp\Game\2d\Sprite\PostEffect.h">
      <Filter>Game\Sprite\PostEffect</Filter>
    </ClInclude>
    <ClInclude Include="imgui\imconfig.h">
      <Filter>Game\inGame\Imgui\Basis</Filter>
    </ClInclude>
    <ClInclude Include="imgui\imgui.h">
      <Filter>Game\inGame\Imgui\Basis</Filter>
    </ClInclude>
    <ClInclude Include="imgui\imgui_impl_dx12.h">
      <Filter>Game\inGame\Imgui\Basis</Filter>
    </ClInclude>
    <ClInclude Include="imgui\imgui_impl_win32.h">
      <Filter>Game\inGame\Imgui\Basis</Filter>
    </ClInclude>
    <ClInclude Include="imgui\imgui_internal.h">
      <Filter>Game\inGame\Imgui\Basis</Filter>
    </ClInclude>
    <ClInclude Include="imgui\imstb_rectpack.h">
      <Filter>Game\inGame\Imgui\Basis</Filter>
    </ClInclude>
    <ClInclude Include="imgui\imstb_textedit.h">
      <Filter>Game\inGame\Imgui\Basis</Filter>
    </ClInclude>
    <ClInclude Include="imgui\imstb_truetype.h">
      <Filter>Game\inGame\Imgui\Basis</Filter>
    </ClInclude>
    <ClInclude Include="h_cpp\Game\ImguiManager\ImguiManager.h">
      <Filter>Game\inGame\Imgui\Manager</Filter>
    </ClInclude>
    <ClInclude Include="h_cpp\Game\Math\Ease.h">
      <Filter>Game\Math\Ease</Filter>
    </ClInclude>
    <ClInclude Include="h_cpp\Base\CSV\LoadCSV.h">
      <Filter>Base</Filter>
    </ClInclude>
    <ClInclude Include="h_cpp\Game\MapChip\MapChip.h">
      <Filter>ヘッダー ファイル</Filter>
    </ClInclude>
    <ClInclude Include="..\..\OneDrive\デスクトップ\DirectXGame-master\xDirectXGame-master\h_cpp\Base\CSV\Loadtxt.h">
      <Filter>Base</Filter>
    </ClInclude>
    <ClInclude Include="..\..\OneDrive\デスクトップ\DirectXGame-master\xDirectXGame-master\h_cpp\Game\MapChip\MapData.h">
      <Filter>ヘッダー ファイル</Filter>
    </ClInclude>
  </ItemGroup>
  <ItemGroup>
    <None Include="Resources\shaders\Basic.hlsli">
      <Filter>リソース ファイル\シェーダーファイル</Filter>
    </None>
    <None Include="Resources\shaders\FBX.hlsli">
      <Filter>リソース ファイル\シェーダーファイル</Filter>
    </None>
    <None Include="Resources\shaders\PostEffectTest.hlsli">
      <Filter>リソース ファイル\シェーダーファイル</Filter>
    </None>
    <None Include="Resources\shaders\Sprite.hlsli">
      <Filter>リソース ファイル\シェーダーファイル</Filter>
    </None>
  </ItemGroup>
  <ItemGroup>
    <FxCompile Include="Resources\shaders\BasicPS.hlsl">
      <Filter>リソース ファイル\シェーダーファイル</Filter>
    </FxCompile>
    <FxCompile Include="Resources\shaders\BasicVS.hlsl">
      <Filter>リソース ファイル\シェーダーファイル</Filter>
    </FxCompile>
    <FxCompile Include="Resources\shaders\FBXPS.hlsl">
      <Filter>リソース ファイル\シェーダーファイル</Filter>
    </FxCompile>
    <FxCompile Include="Resources\shaders\FBXVS.hlsl">
      <Filter>リソース ファイル\シェーダーファイル</Filter>
    </FxCompile>
    <FxCompile Include="Resources\shaders\PostEffectTestPS.hlsl">
      <Filter>リソース ファイル\シェーダーファイル</Filter>
    </FxCompile>
    <FxCompile Include="Resources\shaders\PostEffectTestVS.hlsl">
      <Filter>リソース ファイル\シェーダーファイル</Filter>
    </FxCompile>
    <FxCompile Include="Resources\shaders\SpritePS.hlsl">
      <Filter>リソース ファイル\シェーダーファイル</Filter>
    </FxCompile>
    <FxCompile Include="Resources\shaders\SpriteVS.hlsl">
      <Filter>リソース ファイル\シェーダーファイル</Filter>
    </FxCompile>
  </ItemGroup>
</Project>